{
  "name": "avro-test",
  "version": "1.0.0",
  "lockfileVersion": 2,
  "requires": true,
  "packages": {
    "": {
      "name": "avro-test",
      "version": "1.0.0",
      "license": "ISC",
      "dependencies": {
        "avsc": "^5.7.7"
      }
    },
    "node_modules/avsc": {
      "version": "5.7.7",
      "resolved": "https://registry.npmjs.org/avsc/-/avsc-5.7.7.tgz",
      "integrity": "sha512-9cYNccliXZDByFsFliVwk5GvTq058Fj513CiR4E60ndDwmuXzTJEp/Bp8FyuRmGyYupLjHLs+JA9/CBoVS4/NQ==",
      "engines": {
        "node": ">=0.11"
      }
    }
  },
  "dependencies": {
    "avsc": {
      "version": "5.7.7",
      "resolved": "https://registry.npmjs.org/avsc/-/avsc-5.7.7.tgz",
      "integrity": "sha512-9cYNccliXZDByFsFliVwk5GvTq058Fj513CiR4E60ndDwmuXzTJEp/Bp8FyuRmGyYupLjHLs+JA9/CBoVS4/NQ=="
    }
  }
}
